
Microsoft Visual Studio Solution File, Format Version 12.00
# Visual Studio Version 16
VisualStudioVersion = 16.0.30621.155
MinimumVisualStudioVersion = 10.0.40219.1
Project("{9A19103F-16F7-4668-BE54-9A1E7A4F7556}") = "WebApplication1", "WebApplication1\WebApplication1.csproj", "{A012731B-D33C-417D-8F6F-DBFDF7658DA9}"
EndProject
Project("{9A19103F-16F7-4668-BE54-9A1E7A4F7556}") = "WebApplication1.MSTest", "WebApplication1.MSTest\WebApplication1.MSTest.csproj", "{B2644199-77C2-4B55-B995-8BA688C56F79}"
EndProject
Project("{FAE04EC0-301F-11D3-BF4B-00C04F79EFBC}") = "WebApplication1.Tests", "WebApplication1.Tests\WebApplication1.Tests.csproj", "{BD161C07-D287-4F19-A4C5-F1C4791F8EBE}"
EndProject
Global
	GlobalSection(SolutionConfigurationPlatforms) = preSolution
		Debug|Any CPU = Debug|Any CPU
		Release|Any CPU = Release|Any CPU
	EndGlobalSection
	GlobalSection(ProjectConfigurationPlatforms) = postSolution
		{A012731B-D33C-417D-8F6F-DBFDF7658DA9}.Debug|Any CPU.ActiveCfg = Debug|Any CPU
		{A012731B-D33C-417D-8F6F-DBFDF7658DA9}.Debug|Any CPU.Build.0 = Debug|Any CPU
		{A012731B-D33C-417D-8F6F-DBFDF7658DA9}.Release|Any CPU.ActiveCfg = Release|Any CPU
		{A012731B-D33C-417D-8F6F-DBFDF7658DA9}.Release|Any CPU.Build.0 = Release|Any CPU
		{B2644199-77C2-4B55-B995-8BA688C56F79}.Debug|Any CPU.ActiveCfg = Debug|Any CPU
		{B2644199-77C2-4B55-B995-8BA688C56F79}.Debug|Any CPU.Build.0 = Debug|Any CPU
		{B2644199-77C2-4B55-B995-8BA688C56F79}.Release|Any CPU.ActiveCfg = Release|Any CPU
		{B2644199-77C2-4B55-B995-8BA688C56F79}.Release|Any CPU.Build.0 = Release|Any CPU
		{BD161C07-D287-4F19-A4C5-F1C4791F8EBE}.Debug|Any CPU.ActiveCfg = Debug|Any CPU
		{BD161C07-D287-4F19-A4C5-F1C4791F8EBE}.Debug|Any CPU.Build.0 = Debug|Any CPU
		{BD161C07-D287-4F19-A4C5-F1C4791F8EBE}.Release|Any CPU.ActiveCfg = Release|Any CPU
		{BD161C07-D287-4F19-A4C5-F1C4791F8EBE}.Release|Any CPU.Build.0 = Release|Any CPU
	EndGlobalSection
	GlobalSection(SolutionProperties) = preSolution
		HideSolutionNode = FALSE
	EndGlobalSection
	GlobalSection(ExtensibilityGlobals) = postSolution
		SolutionGuid = {BAAD68FC-02D4-49BF-B579-2930F50D42FC}
	EndGlobalSection
EndGlobal
